
Microsoft Visual Studio Solution File, Format Version 12.00
# Visual Studio Version 16
VisualStudioVersion = 16.0.30907.101
MinimumVisualStudioVersion = 10.0.40219.1
Project("{2150E333-8FDC-42A3-9474-1A3956D46DE8}") = "client", "client", "{9D2F63C9-E105-4201-8C8F-481BD57D2899}"
EndProject
Project("{9A19103F-16F7-4668-BE54-9A1E7A4F7556}") = "authentication", "client\authentication\authentication.csproj", "{5B46F214-9F20-4EC5-9851-C838B07566DC}"
EndProject
Project("{9A19103F-16F7-4668-BE54-9A1E7A4F7556}") = "basic", "client\basic\basic.csproj", "{E91C3FA1-2F13-4576-BEE4-60AF6A1CB9F8}"
EndProject
Project("{9A19103F-16F7-4668-BE54-9A1E7A4F7556}") = "connectivity", "client\connectivity\connectivity.csproj", "{512D0059-1A9B-48AC-A9D5-693B0EA7B58E}"
EndProject
Project("{9A19103F-16F7-4668-BE54-9A1E7A4F7556}") = "reconnect", "client\reconnect\reconnect.csproj", "{79907740-2B8A-4ABB-A143-8DE66743EE4C}"
EndProject
Project("{9A19103F-16F7-4668-BE54-9A1E7A4F7556}") = "tls", "client\tls\tls.csproj", "{7067BCF1-99CE-412D-9DF0-B741A0E5C4F8}"
EndProject
Project("{2150E333-8FDC-42A3-9474-1A3956D46DE8}") = "rpc", "rpc", "{6BF477F1-1B1B-4B01-8005-4925D96FFC34}"
EndProject
Project("{9A19103F-16F7-4668-BE54-9A1E7A4F7556}") = "commands", "rpc\commands\commands.csproj", "{ECD2974F-69DD-4044-BCD4-4E9FF56E2625}"
EndProject
Project("{9A19103F-16F7-4668-BE54-9A1E7A4F7556}") = "queries", "rpc\queries\queries.csproj", "{1456B688-CB39-4159-8F97-6307E68D89F9}"
EndProject
Project("{2150E333-8FDC-42A3-9474-1A3956D46DE8}") = "pubsub", "pubsub", "{D416A52C-D990-4D36-8797-70D0E57D0060}"
EndProject
Project("{2150E333-8FDC-42A3-9474-1A3956D46DE8}") = "events", "events", "{253D4E80-6F69-4753-916A-975D5FD1B588}"
EndProject
Project("{9A19103F-16F7-4668-BE54-9A1E7A4F7556}") = "single", "pubsub\events\single\single.csproj", "{DA1303FC-1CCE-4C66-AC5E-68AFFAF334FE}"
EndProject
Project("{9A19103F-16F7-4668-BE54-9A1E7A4F7556}") = "multicast", "pubsub\events\multicast\multicast.csproj", "{33719FF7-59F0-4127-B471-565DE329D7BA}"
EndProject
Project("{9A19103F-16F7-4668-BE54-9A1E7A4F7556}") = "load_balancer", "pubsub\events\load_balancer\load_balancer.csproj", "{25ECFA42-238A-4605-897E-246CCAF8C676}"
EndProject
Project("{9A19103F-16F7-4668-BE54-9A1E7A4F7556}") = "wildcards", "pubsub\events\wildcards\wildcards.csproj", "{0B050A2B-55ED-444F-929D-D87C304274BA}"
EndProject
Project("{9A19103F-16F7-4668-BE54-9A1E7A4F7556}") = "stream", "pubsub\events\stream\stream.csproj", "{BE92ECCB-5D14-404D-AF6A-3E487B1A2AED}"
EndProject
Project("{2150E333-8FDC-42A3-9474-1A3956D46DE8}") = "events-store", "events-store", "{8CE3273D-CA01-444A-AB30-746AE7955A9B}"
EndProject
Project("{9A19103F-16F7-4668-BE54-9A1E7A4F7556}") = "load_balancer", "pubsub\events_store\load_balancer\load_balancer.csproj", "{CEAC94EF-7B5B-4947-879B-FB66C523FB19}"
EndProject
Project("{9A19103F-16F7-4668-BE54-9A1E7A4F7556}") = "multicast", "pubsub\events_store\multicast\multicast.csproj", "{D9F9EF53-9525-4D31-9A59-D57B997528D6}"
EndProject
Project("{9A19103F-16F7-4668-BE54-9A1E7A4F7556}") = "single", "pubsub\events_store\single\single.csproj", "{2FD40820-92F3-405D-8D8C-59D02CCCF377}"
EndProject
Project("{9A19103F-16F7-4668-BE54-9A1E7A4F7556}") = "stream", "pubsub\events_store\stream\stream.csproj", "{DAD0BFDD-716E-4809-8678-46A380CBF060}"
EndProject
Project("{9A19103F-16F7-4668-BE54-9A1E7A4F7556}") = "offset", "pubsub\events_store\offset\offset.csproj", "{26833B2C-76A1-492C-826E-E93BB730B38F}"
EndProject
Project("{2150E333-8FDC-42A3-9474-1A3956D46DE8}") = "NewFolder1", "NewFolder1", "{CAAEB568-E8E6-473F-B321-B479FA7A5E84}"
EndProject
Project("{2150E333-8FDC-42A3-9474-1A3956D46DE8}") = "queue", "queue", "{1F728645-0C53-422A-A32D-9DC3F7EB8A3F}"
EndProject
Project("{9A19103F-16F7-4668-BE54-9A1E7A4F7556}") = "single", "queue\single\single.csproj", "{1ED1AF19-461D-4586-A3DB-02DD6BD4CE2F}"
EndProject
Project("{9A19103F-16F7-4668-BE54-9A1E7A4F7556}") = "peek", "queue\peek\peek.csproj", "{26A240F3-56A5-44D4-86F5-759B7E805C75}"
EndProject
Project("{9A19103F-16F7-4668-BE54-9A1E7A4F7556}") = "ack", "queue\ack\ack.csproj", "{BF9CCCE2-CBCF-4D62-8D4F-AE5733758FC1}"
EndProject
Project("{9A19103F-16F7-4668-BE54-9A1E7A4F7556}") = "batch", "queue\batch\batch.csproj", "{6F12F746-3B67-4F15-8516-A3A8D52B51AF}"
EndProject
Project("{9A19103F-16F7-4668-BE54-9A1E7A4F7556}") = "dead-letter", "queue\dead-letter\dead-letter.csproj", "{97DB1412-C6F6-4ED2-A4FD-5B536234271A}"
EndProject
Project("{9A19103F-16F7-4668-BE54-9A1E7A4F7556}") = "delayed", "queue\delayed\delayed.csproj", "{1F219D1C-2946-4E34-B6BC-1C2490DF68CF}"
EndProject
Project("{9A19103F-16F7-4668-BE54-9A1E7A4F7556}") = "expiration", "queue\expiration\expiration.csproj", "{1133800E-C4EF-4B76-8832-A4820A15AE57}"
EndProject
Project("{9A19103F-16F7-4668-BE54-9A1E7A4F7556}") = "multicast", "queue\multicast\multicast.csproj", "{7CC23721-6404-41D3-A8E4-CA2375916D03}"
EndProject
Project("{9A19103F-16F7-4668-BE54-9A1E7A4F7556}") = "multicast-mix", "queue\multicast-mix\multicast-mix.csproj", "{853A3118-F50A-4C85-85C7-C4C9AD4EC5FF}"
EndProject
Project("{9A19103F-16F7-4668-BE54-9A1E7A4F7556}") = "multicast-mix", "pubsub\events\multicast-mix\multicast-mix.csproj", "{7F6D7BC8-5F57-4B21-B254-86D9A2F67D26}"
EndProject
Project("{9A19103F-16F7-4668-BE54-9A1E7A4F7556}") = "multicast-mix", "pubsub\events_store\multicast-mix\multicast-mix.csproj", "{D8590D24-F831-4578-904F-1304937586A7}"
EndProject
Project("{9A19103F-16F7-4668-BE54-9A1E7A4F7556}") = "resend", "queue\resend\resend.csproj", "{9D50A605-45C3-4A80-8F80-276CA874535B}"
EndProject
Project("{9A19103F-16F7-4668-BE54-9A1E7A4F7556}") = "stream-extend-visibility", "queue\stream-extend-visibility\stream-extend-visibility.csproj", "{C9E54DDA-71EF-4800-9712-A5ABB35F4D3B}"
EndProject
Project("{9A19103F-16F7-4668-BE54-9A1E7A4F7556}") = "stream-resend", "queue\stream-resend\stream-resend.csproj", "{0434A7B2-C37F-4ADD-B64D-6911E58A33E2}"
EndProject
Project("{9A19103F-16F7-4668-BE54-9A1E7A4F7556}") = "stream", "queue\stream\stream.csproj", "{57018AB2-6AB5-4223-BB72-621BA0F569F9}"
EndProject
Global
	GlobalSection(SolutionConfigurationPlatforms) = preSolution
		Debug|Any CPU = Debug|Any CPU
		Release|Any CPU = Release|Any CPU
	EndGlobalSection
	GlobalSection(ProjectConfigurationPlatforms) = postSolution
		{5B46F214-9F20-4EC5-9851-C838B07566DC}.Debug|Any CPU.ActiveCfg = Debug|Any CPU
		{5B46F214-9F20-4EC5-9851-C838B07566DC}.Debug|Any CPU.Build.0 = Debug|Any CPU
		{5B46F214-9F20-4EC5-9851-C838B07566DC}.Release|Any CPU.ActiveCfg = Release|Any CPU
		{5B46F214-9F20-4EC5-9851-C838B07566DC}.Release|Any CPU.Build.0 = Release|Any CPU
		{E91C3FA1-2F13-4576-BEE4-60AF6A1CB9F8}.Debug|Any CPU.ActiveCfg = Debug|Any CPU
		{E91C3FA1-2F13-4576-BEE4-60AF6A1CB9F8}.Debug|Any CPU.Build.0 = Debug|Any CPU
		{E91C3FA1-2F13-4576-BEE4-60AF6A1CB9F8}.Release|Any CPU.ActiveCfg = Release|Any CPU
		{E91C3FA1-2F13-4576-BEE4-60AF6A1CB9F8}.Release|Any CPU.Build.0 = Release|Any CPU
		{512D0059-1A9B-48AC-A9D5-693B0EA7B58E}.Debug|Any CPU.ActiveCfg = Debug|Any CPU
		{512D0059-1A9B-48AC-A9D5-693B0EA7B58E}.Debug|Any CPU.Build.0 = Debug|Any CPU
		{512D0059-1A9B-48AC-A9D5-693B0EA7B58E}.Release|Any CPU.ActiveCfg = Release|Any CPU
		{512D0059-1A9B-48AC-A9D5-693B0EA7B58E}.Release|Any CPU.Build.0 = Release|Any CPU
		{79907740-2B8A-4ABB-A143-8DE66743EE4C}.Debug|Any CPU.ActiveCfg = Debug|Any CPU
		{79907740-2B8A-4ABB-A143-8DE66743EE4C}.Debug|Any CPU.Build.0 = Debug|Any CPU
		{79907740-2B8A-4ABB-A143-8DE66743EE4C}.Release|Any CPU.ActiveCfg = Release|Any CPU
		{79907740-2B8A-4ABB-A143-8DE66743EE4C}.Release|Any CPU.Build.0 = Release|Any CPU
		{7067BCF1-99CE-412D-9DF0-B741A0E5C4F8}.Debug|Any CPU.ActiveCfg = Debug|Any CPU
		{7067BCF1-99CE-412D-9DF0-B741A0E5C4F8}.Debug|Any CPU.Build.0 = Debug|Any CPU
		{7067BCF1-99CE-412D-9DF0-B741A0E5C4F8}.Release|Any CPU.ActiveCfg = Release|Any CPU
		{7067BCF1-99CE-412D-9DF0-B741A0E5C4F8}.Release|Any CPU.Build.0 = Release|Any CPU
		{ECD2974F-69DD-4044-BCD4-4E9FF56E2625}.Debug|Any CPU.ActiveCfg = Debug|Any CPU
		{ECD2974F-69DD-4044-BCD4-4E9FF56E2625}.Debug|Any CPU.Build.0 = Debug|Any CPU
		{ECD2974F-69DD-4044-BCD4-4E9FF56E2625}.Release|Any CPU.ActiveCfg = Release|Any CPU
		{ECD2974F-69DD-4044-BCD4-4E9FF56E2625}.Release|Any CPU.Build.0 = Release|Any CPU
		{1456B688-CB39-4159-8F97-6307E68D89F9}.Debug|Any CPU.ActiveCfg = Debug|Any CPU
		{1456B688-CB39-4159-8F97-6307E68D89F9}.Debug|Any CPU.Build.0 = Debug|Any CPU
		{1456B688-CB39-4159-8F97-6307E68D89F9}.Release|Any CPU.ActiveCfg = Release|Any CPU
		{1456B688-CB39-4159-8F97-6307E68D89F9}.Release|Any CPU.Build.0 = Release|Any CPU
		{DA1303FC-1CCE-4C66-AC5E-68AFFAF334FE}.Debug|Any CPU.ActiveCfg = Debug|Any CPU
		{DA1303FC-1CCE-4C66-AC5E-68AFFAF334FE}.Debug|Any CPU.Build.0 = Debug|Any CPU
		{DA1303FC-1CCE-4C66-AC5E-68AFFAF334FE}.Release|Any CPU.ActiveCfg = Release|Any CPU
		{DA1303FC-1CCE-4C66-AC5E-68AFFAF334FE}.Release|Any CPU.Build.0 = Release|Any CPU
		{33719FF7-59F0-4127-B471-565DE329D7BA}.Debug|Any CPU.ActiveCfg = Debug|Any CPU
		{33719FF7-59F0-4127-B471-565DE329D7BA}.Debug|Any CPU.Build.0 = Debug|Any CPU
		{33719FF7-59F0-4127-B471-565DE329D7BA}.Release|Any CPU.ActiveCfg = Release|Any CPU
		{33719FF7-59F0-4127-B471-565DE329D7BA}.Release|Any CPU.Build.0 = Release|Any CPU
		{25ECFA42-238A-4605-897E-246CCAF8C676}.Debug|Any CPU.ActiveCfg = Debug|Any CPU
		{25ECFA42-238A-4605-897E-246CCAF8C676}.Debug|Any CPU.Build.0 = Debug|Any CPU
		{25ECFA42-238A-4605-897E-246CCAF8C676}.Release|Any CPU.ActiveCfg = Release|Any CPU
		{25ECFA42-238A-4605-897E-246CCAF8C676}.Release|Any CPU.Build.0 = Release|Any CPU
		{0B050A2B-55ED-444F-929D-D87C304274BA}.Debug|Any CPU.ActiveCfg = Debug|Any CPU
		{0B050A2B-55ED-444F-929D-D87C304274BA}.Debug|Any CPU.Build.0 = Debug|Any CPU
		{0B050A2B-55ED-444F-929D-D87C304274BA}.Release|Any CPU.ActiveCfg = Release|Any CPU
		{0B050A2B-55ED-444F-929D-D87C304274BA}.Release|Any CPU.Build.0 = Release|Any CPU
		{BE92ECCB-5D14-404D-AF6A-3E487B1A2AED}.Debug|Any CPU.ActiveCfg = Debug|Any CPU
		{BE92ECCB-5D14-404D-AF6A-3E487B1A2AED}.Debug|Any CPU.Build.0 = Debug|Any CPU
		{BE92ECCB-5D14-404D-AF6A-3E487B1A2AED}.Release|Any CPU.ActiveCfg = Release|Any CPU
		{BE92ECCB-5D14-404D-AF6A-3E487B1A2AED}.Release|Any CPU.Build.0 = Release|Any CPU
		{CEAC94EF-7B5B-4947-879B-FB66C523FB19}.Debug|Any CPU.ActiveCfg = Debug|Any CPU
		{CEAC94EF-7B5B-4947-879B-FB66C523FB19}.Debug|Any CPU.Build.0 = Debug|Any CPU
		{CEAC94EF-7B5B-4947-879B-FB66C523FB19}.Release|Any CPU.ActiveCfg = Release|Any CPU
		{CEAC94EF-7B5B-4947-879B-FB66C523FB19}.Release|Any CPU.Build.0 = Release|Any CPU
		{D9F9EF53-9525-4D31-9A59-D57B997528D6}.Debug|Any CPU.ActiveCfg = Debug|Any CPU
		{D9F9EF53-9525-4D31-9A59-D57B997528D6}.Debug|Any CPU.Build.0 = Debug|Any CPU
		{D9F9EF53-9525-4D31-9A59-D57B997528D6}.Release|Any CPU.ActiveCfg = Release|Any CPU
		{D9F9EF53-9525-4D31-9A59-D57B997528D6}.Release|Any CPU.Build.0 = Release|Any CPU
		{2FD40820-92F3-405D-8D8C-59D02CCCF377}.Debug|Any CPU.ActiveCfg = Debug|Any CPU
		{2FD40820-92F3-405D-8D8C-59D02CCCF377}.Debug|Any CPU.Build.0 = Debug|Any CPU
		{2FD40820-92F3-405D-8D8C-59D02CCCF377}.Release|Any CPU.ActiveCfg = Release|Any CPU
		{2FD40820-92F3-405D-8D8C-59D02CCCF377}.Release|Any CPU.Build.0 = Release|Any CPU
		{DAD0BFDD-716E-4809-8678-46A380CBF060}.Debug|Any CPU.ActiveCfg = Debug|Any CPU
		{DAD0BFDD-716E-4809-8678-46A380CBF060}.Debug|Any CPU.Build.0 = Debug|Any CPU
		{DAD0BFDD-716E-4809-8678-46A380CBF060}.Release|Any CPU.ActiveCfg = Release|Any CPU
		{DAD0BFDD-716E-4809-8678-46A380CBF060}.Release|Any CPU.Build.0 = Release|Any CPU
		{26833B2C-76A1-492C-826E-E93BB730B38F}.Debug|Any CPU.ActiveCfg = Debug|Any CPU
		{26833B2C-76A1-492C-826E-E93BB730B38F}.Debug|Any CPU.Build.0 = Debug|Any CPU
		{26833B2C-76A1-492C-826E-E93BB730B38F}.Release|Any CPU.ActiveCfg = Release|Any CPU
		{26833B2C-76A1-492C-826E-E93BB730B38F}.Release|Any CPU.Build.0 = Release|Any CPU
		{1ED1AF19-461D-4586-A3DB-02DD6BD4CE2F}.Debug|Any CPU.ActiveCfg = Debug|Any CPU
		{1ED1AF19-461D-4586-A3DB-02DD6BD4CE2F}.Debug|Any CPU.Build.0 = Debug|Any CPU
		{1ED1AF19-461D-4586-A3DB-02DD6BD4CE2F}.Release|Any CPU.ActiveCfg = Release|Any CPU
		{1ED1AF19-461D-4586-A3DB-02DD6BD4CE2F}.Release|Any CPU.Build.0 = Release|Any CPU
		{26A240F3-56A5-44D4-86F5-759B7E805C75}.Debug|Any CPU.ActiveCfg = Debug|Any CPU
		{26A240F3-56A5-44D4-86F5-759B7E805C75}.Debug|Any CPU.Build.0 = Debug|Any CPU
		{26A240F3-56A5-44D4-86F5-759B7E805C75}.Release|Any CPU.ActiveCfg = Release|Any CPU
		{26A240F3-56A5-44D4-86F5-759B7E805C75}.Release|Any CPU.Build.0 = Release|Any CPU
		{BF9CCCE2-CBCF-4D62-8D4F-AE5733758FC1}.Debug|Any CPU.ActiveCfg = Debug|Any CPU
		{BF9CCCE2-CBCF-4D62-8D4F-AE5733758FC1}.Debug|Any CPU.Build.0 = Debug|Any CPU
		{BF9CCCE2-CBCF-4D62-8D4F-AE5733758FC1}.Release|Any CPU.ActiveCfg = Release|Any CPU
		{BF9CCCE2-CBCF-4D62-8D4F-AE5733758FC1}.Release|Any CPU.Build.0 = Release|Any CPU
		{6F12F746-3B67-4F15-8516-A3A8D52B51AF}.Debug|Any CPU.ActiveCfg = Debug|Any CPU
		{6F12F746-3B67-4F15-8516-A3A8D52B51AF}.Debug|Any CPU.Build.0 = Debug|Any CPU
		{6F12F746-3B67-4F15-8516-A3A8D52B51AF}.Release|Any CPU.ActiveCfg = Release|Any CPU
		{6F12F746-3B67-4F15-8516-A3A8D52B51AF}.Release|Any CPU.Build.0 = Release|Any CPU
		{97DB1412-C6F6-4ED2-A4FD-5B536234271A}.Debug|Any CPU.ActiveCfg = Debug|Any CPU
		{97DB1412-C6F6-4ED2-A4FD-5B536234271A}.Debug|Any CPU.Build.0 = Debug|Any CPU
		{97DB1412-C6F6-4ED2-A4FD-5B536234271A}.Release|Any CPU.ActiveCfg = Release|Any CPU
		{97DB1412-C6F6-4ED2-A4FD-5B536234271A}.Release|Any CPU.Build.0 = Release|Any CPU
		{1F219D1C-2946-4E34-B6BC-1C2490DF68CF}.Debug|Any CPU.ActiveCfg = Debug|Any CPU
		{1F219D1C-2946-4E34-B6BC-1C2490DF68CF}.Debug|Any CPU.Build.0 = Debug|Any CPU
		{1F219D1C-2946-4E34-B6BC-1C2490DF68CF}.Release|Any CPU.ActiveCfg = Release|Any CPU
		{1F219D1C-2946-4E34-B6BC-1C2490DF68CF}.Release|Any CPU.Build.0 = Release|Any CPU
		{1133800E-C4EF-4B76-8832-A4820A15AE57}.Debug|Any CPU.ActiveCfg = Debug|Any CPU
		{1133800E-C4EF-4B76-8832-A4820A15AE57}.Debug|Any CPU.Build.0 = Debug|Any CPU
		{1133800E-C4EF-4B76-8832-A4820A15AE57}.Release|Any CPU.ActiveCfg = Release|Any CPU
		{1133800E-C4EF-4B76-8832-A4820A15AE57}.Release|Any CPU.Build.0 = Release|Any CPU
		{7CC23721-6404-41D3-A8E4-CA2375916D03}.Debug|Any CPU.ActiveCfg = Debug|Any CPU
		{7CC23721-6404-41D3-A8E4-CA2375916D03}.Debug|Any CPU.Build.0 = Debug|Any CPU
		{7CC23721-6404-41D3-A8E4-CA2375916D03}.Release|Any CPU.ActiveCfg = Release|Any CPU
		{7CC23721-6404-41D3-A8E4-CA2375916D03}.Release|Any CPU.Build.0 = Release|Any CPU
		{853A3118-F50A-4C85-85C7-C4C9AD4EC5FF}.Debug|Any CPU.ActiveCfg = Debug|Any CPU
		{853A3118-F50A-4C85-85C7-C4C9AD4EC5FF}.Debug|Any CPU.Build.0 = Debug|Any CPU
		{853A3118-F50A-4C85-85C7-C4C9AD4EC5FF}.Release|Any CPU.ActiveCfg = Release|Any CPU
		{853A3118-F50A-4C85-85C7-C4C9AD4EC5FF}.Release|Any CPU.Build.0 = Release|Any CPU
		{7F6D7BC8-5F57-4B21-B254-86D9A2F67D26}.Debug|Any CPU.ActiveCfg = Debug|Any CPU
		{7F6D7BC8-5F57-4B21-B254-86D9A2F67D26}.Debug|Any CPU.Build.0 = Debug|Any CPU
		{7F6D7BC8-5F57-4B21-B254-86D9A2F67D26}.Release|Any CPU.ActiveCfg = Release|Any CPU
		{7F6D7BC8-5F57-4B21-B254-86D9A2F67D26}.Release|Any CPU.Build.0 = Release|Any CPU
		{D8590D24-F831-4578-904F-1304937586A7}.Debug|Any CPU.ActiveCfg = Debug|Any CPU
		{D8590D24-F831-4578-904F-1304937586A7}.Debug|Any CPU.Build.0 = Debug|Any CPU
		{D8590D24-F831-4578-904F-1304937586A7}.Release|Any CPU.ActiveCfg = Release|Any CPU
		{D8590D24-F831-4578-904F-1304937586A7}.Release|Any CPU.Build.0 = Release|Any CPU
		{9D50A605-45C3-4A80-8F80-276CA874535B}.Debug|Any CPU.ActiveCfg = Debug|Any CPU
		{9D50A605-45C3-4A80-8F80-276CA874535B}.Debug|Any CPU.Build.0 = Debug|Any CPU
		{9D50A605-45C3-4A80-8F80-276CA874535B}.Release|Any CPU.ActiveCfg = Release|Any CPU
		{9D50A605-45C3-4A80-8F80-276CA874535B}.Release|Any CPU.Build.0 = Release|Any CPU
		{C9E54DDA-71EF-4800-9712-A5ABB35F4D3B}.Debug|Any CPU.ActiveCfg = Debug|Any CPU
		{C9E54DDA-71EF-4800-9712-A5ABB35F4D3B}.Debug|Any CPU.Build.0 = Debug|Any CPU
		{C9E54DDA-71EF-4800-9712-A5ABB35F4D3B}.Release|Any CPU.ActiveCfg = Release|Any CPU
		{C9E54DDA-71EF-4800-9712-A5ABB35F4D3B}.Release|Any CPU.Build.0 = Release|Any CPU
		{0434A7B2-C37F-4ADD-B64D-6911E58A33E2}.Debug|Any CPU.ActiveCfg = Debug|Any CPU
		{0434A7B2-C37F-4ADD-B64D-6911E58A33E2}.Debug|Any CPU.Build.0 = Debug|Any CPU
		{0434A7B2-C37F-4ADD-B64D-6911E58A33E2}.Release|Any CPU.ActiveCfg = Release|Any CPU
		{0434A7B2-C37F-4ADD-B64D-6911E58A33E2}.Release|Any CPU.Build.0 = Release|Any CPU
		{57018AB2-6AB5-4223-BB72-621BA0F569F9}.Debug|Any CPU.ActiveCfg = Debug|Any CPU
		{57018AB2-6AB5-4223-BB72-621BA0F569F9}.Debug|Any CPU.Build.0 = Debug|Any CPU
		{57018AB2-6AB5-4223-BB72-621BA0F569F9}.Release|Any CPU.ActiveCfg = Release|Any CPU
		{57018AB2-6AB5-4223-BB72-621BA0F569F9}.Release|Any CPU.Build.0 = Release|Any CPU
	EndGlobalSection
	GlobalSection(SolutionProperties) = preSolution
		HideSolutionNode = FALSE
	EndGlobalSection
	GlobalSection(NestedProjects) = preSolution
		{5B46F214-9F20-4EC5-9851-C838B07566DC} = {9D2F63C9-E105-4201-8C8F-481BD57D2899}
		{E91C3FA1-2F13-4576-BEE4-60AF6A1CB9F8} = {9D2F63C9-E105-4201-8C8F-481BD57D2899}
		{512D0059-1A9B-48AC-A9D5-693B0EA7B58E} = {9D2F63C9-E105-4201-8C8F-481BD57D2899}
		{79907740-2B8A-4ABB-A143-8DE66743EE4C} = {9D2F63C9-E105-4201-8C8F-481BD57D2899}
		{7067BCF1-99CE-412D-9DF0-B741A0E5C4F8} = {9D2F63C9-E105-4201-8C8F-481BD57D2899}
		{ECD2974F-69DD-4044-BCD4-4E9FF56E2625} = {6BF477F1-1B1B-4B01-8005-4925D96FFC34}
		{1456B688-CB39-4159-8F97-6307E68D89F9} = {6BF477F1-1B1B-4B01-8005-4925D96FFC34}
		{253D4E80-6F69-4753-916A-975D5FD1B588} = {D416A52C-D990-4D36-8797-70D0E57D0060}
		{DA1303FC-1CCE-4C66-AC5E-68AFFAF334FE} = {253D4E80-6F69-4753-916A-975D5FD1B588}
		{33719FF7-59F0-4127-B471-565DE329D7BA} = {253D4E80-6F69-4753-916A-975D5FD1B588}
		{25ECFA42-238A-4605-897E-246CCAF8C676} = {253D4E80-6F69-4753-916A-975D5FD1B588}
		{0B050A2B-55ED-444F-929D-D87C304274BA} = {253D4E80-6F69-4753-916A-975D5FD1B588}
		{BE92ECCB-5D14-404D-AF6A-3E487B1A2AED} = {253D4E80-6F69-4753-916A-975D5FD1B588}
		{8CE3273D-CA01-444A-AB30-746AE7955A9B} = {D416A52C-D990-4D36-8797-70D0E57D0060}
		{CEAC94EF-7B5B-4947-879B-FB66C523FB19} = {8CE3273D-CA01-444A-AB30-746AE7955A9B}
		{D9F9EF53-9525-4D31-9A59-D57B997528D6} = {8CE3273D-CA01-444A-AB30-746AE7955A9B}
		{2FD40820-92F3-405D-8D8C-59D02CCCF377} = {8CE3273D-CA01-444A-AB30-746AE7955A9B}
		{DAD0BFDD-716E-4809-8678-46A380CBF060} = {8CE3273D-CA01-444A-AB30-746AE7955A9B}
		{26833B2C-76A1-492C-826E-E93BB730B38F} = {8CE3273D-CA01-444A-AB30-746AE7955A9B}
		{CAAEB568-E8E6-473F-B321-B479FA7A5E84} = {9D2F63C9-E105-4201-8C8F-481BD57D2899}
		{1ED1AF19-461D-4586-A3DB-02DD6BD4CE2F} = {1F728645-0C53-422A-A32D-9DC3F7EB8A3F}
		{26A240F3-56A5-44D4-86F5-759B7E805C75} = {1F728645-0C53-422A-A32D-9DC3F7EB8A3F}
		{BF9CCCE2-CBCF-4D62-8D4F-AE5733758FC1} = {1F728645-0C53-422A-A32D-9DC3F7EB8A3F}
		{6F12F746-3B67-4F15-8516-A3A8D52B51AF} = {1F728645-0C53-422A-A32D-9DC3F7EB8A3F}
		{97DB1412-C6F6-4ED2-A4FD-5B536234271A} = {1F728645-0C53-422A-A32D-9DC3F7EB8A3F}
		{1F219D1C-2946-4E34-B6BC-1C2490DF68CF} = {1F728645-0C53-422A-A32D-9DC3F7EB8A3F}
		{1133800E-C4EF-4B76-8832-A4820A15AE57} = {1F728645-0C53-422A-A32D-9DC3F7EB8A3F}
		{7CC23721-6404-41D3-A8E4-CA2375916D03} = {1F728645-0C53-422A-A32D-9DC3F7EB8A3F}
		{853A3118-F50A-4C85-85C7-C4C9AD4EC5FF} = {1F728645-0C53-422A-A32D-9DC3F7EB8A3F}
		{7F6D7BC8-5F57-4B21-B254-86D9A2F67D26} = {253D4E80-6F69-4753-916A-975D5FD1B588}
		{D8590D24-F831-4578-904F-1304937586A7} = {8CE3273D-CA01-444A-AB30-746AE7955A9B}
		{9D50A605-45C3-4A80-8F80-276CA874535B} = {1F728645-0C53-422A-A32D-9DC3F7EB8A3F}
		{C9E54DDA-71EF-4800-9712-A5ABB35F4D3B} = {1F728645-0C53-422A-A32D-9DC3F7EB8A3F}
		{0434A7B2-C37F-4ADD-B64D-6911E58A33E2} = {1F728645-0C53-422A-A32D-9DC3F7EB8A3F}
		{57018AB2-6AB5-4223-BB72-621BA0F569F9} = {1F728645-0C53-422A-A32D-9DC3F7EB8A3F}
	EndGlobalSection
	GlobalSection(ExtensibilityGlobals) = postSolution
		SolutionGuid = {9A282478-B279-47CF-BF92-2A3E57D457AF}
	EndGlobalSection
EndGlobal
